
Microsoft Visual Studio Solution File, Format Version 12.00
# Visual Studio Version 16
VisualStudioVersion = 16.0.31702.278
MinimumVisualStudioVersion = 10.0.40219.1
Project("{FAE04EC0-301F-11D3-BF4B-00C04F79EFBC}") = "MyNet5ApiAdoTest", "MyNet5ApiAdoTest\MyNet5ApiAdoTest.csproj", "{EE229E6F-A5DA-4E21-8687-551B8EEBF57C}"
EndProject
Global
	GlobalSection(SolutionConfigurationPlatforms) = preSolution
		Debug|Any CPU = Debug|Any CPU
		Release|Any CPU = Release|Any CPU
	EndGlobalSection
	GlobalSection(ProjectConfigurationPlatforms) = postSolution
		{EE229E6F-A5DA-4E21-8687-551B8EEBF57C}.Debug|Any CPU.ActiveCfg = Debug|Any CPU
		{EE229E6F-A5DA-4E21-8687-551B8EEBF57C}.Debug|Any CPU.Build.0 = Debug|Any CPU
		{EE229E6F-A5DA-4E21-8687-551B8EEBF57C}.Release|Any CPU.ActiveCfg = Release|Any CPU
		{EE229E6F-A5DA-4E21-8687-551B8EEBF57C}.Release|Any CPU.Build.0 = Release|Any CPU
	EndGlobalSection
	GlobalSection(SolutionProperties) = preSolution
		HideSolutionNode = FALSE
	EndGlobalSection
	GlobalSection(ExtensibilityGlobals) = postSolution
		SolutionGuid = {A6437FB7-92A6-4CE9-9215-6B3534613CFB}
	EndGlobalSection
EndGlobal
